
Microsoft Visual Studio Solution File, Format Version 12.00
# Visual Studio Version 16
VisualStudioVersion = 25.0.1704.1
MinimumVisualStudioVersion = 10.0.40219.1
Project("{FAE04EC0-301F-11D3-BF4B-00C04F79EFBC}") = "MideiatrPipelinesApi", "MideiatrPipelinesApi.csproj", "{B18EB81B-555A-4FCB-A051-441E7803CC7D}"
EndProject
Global
	GlobalSection(SolutionConfigurationPlatforms) = preSolution
		Debug|Any CPU = Debug|Any CPU
		Release|Any CPU = Release|Any CPU
	EndGlobalSection
	GlobalSection(ProjectConfigurationPlatforms) = postSolution
		{B18EB81B-555A-4FCB-A051-441E7803CC7D}.Debug|Any CPU.ActiveCfg = Debug|Any CPU
		{B18EB81B-555A-4FCB-A051-441E7803CC7D}.Debug|Any CPU.Build.0 = Debug|Any CPU
		{B18EB81B-555A-4FCB-A051-441E7803CC7D}.Release|Any CPU.ActiveCfg = Release|Any CPU
		{B18EB81B-555A-4FCB-A051-441E7803CC7D}.Release|Any CPU.Build.0 = Release|Any CPU
	EndGlobalSection
	GlobalSection(SolutionProperties) = preSolution
		HideSolutionNode = FALSE
	EndGlobalSection
	GlobalSection(ExtensibilityGlobals) = postSolution
		SolutionGuid = {30C73B21-C2DB-4ABC-8B16-75F120AC4A6C}
	EndGlobalSection
EndGlobal
